// !$*UTF8*$!
{
	archiveVersion = 1;
	classes = {
	};
	objectVersion = 56;
	objects = {

/* Begin PBXBuildFile section */
		751DC2A6295A8C730084A75A /* DetailEditView.swift in Sources */ = {isa = PBXBuildFile; fileRef = 751DC2A5295A8C730084A75A /* DetailEditView.swift */; };
		753D651D295A05DB00C2DA3D /* DetailView.swift in Sources */ = {isa = PBXBuildFile; fileRef = 753D651C295A05DB00C2DA3D /* DetailView.swift */; };
		7560CE822961EDFB00E47FF1 /* ThemeView.swift in Sources */ = {isa = PBXBuildFile; fileRef = 7560CE812961EDFB00E47FF1 /* ThemeView.swift */; };
		7560CE852961F75F00E47FF1 /* ThemePicker.swift in Sources */ = {isa = PBXBuildFile; fileRef = 7560CE842961F75F00E47FF1 /* ThemePicker.swift */; };
		7560CE8729621E7100E47FF1 /* MeetingHeaderView.swift in Sources */ = {isa = PBXBuildFile; fileRef = 7560CE8629621E7100E47FF1 /* MeetingHeaderView.swift */; };
		7560CE892962303E00E47FF1 /* ScrumTimer.swift in Sources */ = {isa = PBXBuildFile; fileRef = 7560CE882962303E00E47FF1 /* ScrumTimer.swift */; };
		7560CE8D29626E3C00E47FF1 /* MeetingFooterView.swift in Sources */ = {isa = PBXBuildFile; fileRef = 7560CE8C29626E3C00E47FF1 /* MeetingFooterView.swift */; };
		7560CE8F2962767D00E47FF1 /* AVPlayer+Ding.swift in Sources */ = {isa = PBXBuildFile; fileRef = 7560CE8E2962767D00E47FF1 /* AVPlayer+Ding.swift */; };
		7560CE92296276B400E47FF1 /* ding.wav in Resources */ = {isa = PBXBuildFile; fileRef = 7560CE91296276B400E47FF1 /* ding.wav */; };
		7580C9442975DC9200E82C73 /* ScrumStore.swift in Sources */ = {isa = PBXBuildFile; fileRef = 7580C9432975DC9200E82C73 /* ScrumStore.swift */; };
		7596701C297C593800EA204C /* ErrorWrapper.swift in Sources */ = {isa = PBXBuildFile; fileRef = 7596701B297C593800EA204C /* ErrorWrapper.swift */; };
		7596701E297C59D900EA204C /* ErrorView.swift in Sources */ = {isa = PBXBuildFile; fileRef = 7596701D297C59D900EA204C /* ErrorView.swift */; };
		759708E42974C3D400B6EF16 /* History.swift in Sources */ = {isa = PBXBuildFile; fileRef = 759708E32974C3D400B6EF16 /* History.swift */; };
		75CA96BC2957451E00FA0AE0 /* ScrumDingerVoiceAppApp.swift in Sources */ = {isa = PBXBuildFile; fileRef = 75CA96BB2957451E00FA0AE0 /* ScrumDingerVoiceAppApp.swift */; };
		75CA96BE2957451E00FA0AE0 /* MeetingView.swift in Sources */ = {isa = PBXBuildFile; fileRef = 75CA96BD2957451E00FA0AE0 /* MeetingView.swift */; };
		75CA96C02957451F00FA0AE0 /* Assets.xcassets in Resources */ = {isa = PBXBuildFile; fileRef = 75CA96BF2957451F00FA0AE0 /* Assets.xcassets */; };
		75CA96C32957451F00FA0AE0 /* Preview Assets.xcassets in Resources */ = {isa = PBXBuildFile; fileRef = 75CA96C22957451F00FA0AE0 /* Preview Assets.xcassets */; };
		75CA96CB2957612500FA0AE0 /* Theme.swift in Sources */ = {isa = PBXBuildFile; fileRef = 75CA96CA2957612500FA0AE0 /* Theme.swift */; };
		75CA96CD2957BA4100FA0AE0 /* DailyScrum.swift in Sources */ = {isa = PBXBuildFile; fileRef = 75CA96CC2957BA4100FA0AE0 /* DailyScrum.swift */; };
		75CA96D02957BAF000FA0AE0 /* CardView.swift in Sources */ = {isa = PBXBuildFile; fileRef = 75CA96CF2957BAF000FA0AE0 /* CardView.swift */; };
		75CA96D2295899BC00FA0AE0 /* TrailingIconLabelStyle.swift in Sources */ = {isa = PBXBuildFile; fileRef = 75CA96D1295899BC00FA0AE0 /* TrailingIconLabelStyle.swift */; };
		75CA96D429589FDF00FA0AE0 /* ScrumsView.swift in Sources */ = {isa = PBXBuildFile; fileRef = 75CA96D329589FDF00FA0AE0 /* ScrumsView.swift */; };
/* End PBXBuildFile section */

/* Begin PBXFileReference section */
		751DC2A4295A8A3F0084A75A /* README.md */ = {isa = PBXFileReference; lastKnownFileType = net.daringfireball.markdown; path = README.md; sourceTree = "<group>"; };
		751DC2A5295A8C730084A75A /* DetailEditView.swift */ = {isa = PBXFileReference; lastKnownFileType = sourcecode.swift; path = DetailEditView.swift; sourceTree = "<group>"; };
		753D651C295A05DB00C2DA3D /* DetailView.swift */ = {isa = PBXFileReference; lastKnownFileType = sourcecode.swift; path = DetailView.swift; sourceTree = "<group>"; };
		7560CE812961EDFB00E47FF1 /* ThemeView.swift */ = {isa = PBXFileReference; lastKnownFileType = sourcecode.swift; path = ThemeView.swift; sourceTree = "<group>"; };
		7560CE842961F75F00E47FF1 /* ThemePicker.swift */ = {isa = PBXFileReference; lastKnownFileType = sourcecode.swift; path = ThemePicker.swift; sourceTree = "<group>"; };
		7560CE8629621E7100E47FF1 /* MeetingHeaderView.swift */ = {isa = PBXFileReference; lastKnownFileType = sourcecode.swift; path = MeetingHeaderView.swift; sourceTree = "<group>"; };
		7560CE882962303E00E47FF1 /* ScrumTimer.swift */ = {isa = PBXFileReference; lastKnownFileType = sourcecode.swift; path = ScrumTimer.swift; sourceTree = "<group>"; };
		7560CE8C29626E3C00E47FF1 /* MeetingFooterView.swift */ = {isa = PBXFileReference; lastKnownFileType = sourcecode.swift; path = MeetingFooterView.swift; sourceTree = "<group>"; };
		7560CE8E2962767D00E47FF1 /* AVPlayer+Ding.swift */ = {isa = PBXFileReference; fileEncoding = 4; lastKnownFileType = sourcecode.swift; path = "AVPlayer+Ding.swift"; sourceTree = "<group>"; };
		7560CE91296276B400E47FF1 /* ding.wav */ = {isa = PBXFileReference; lastKnownFileType = audio.wav; path = ding.wav; sourceTree = "<group>"; };
		7580C9432975DC9200E82C73 /* ScrumStore.swift */ = {isa = PBXFileReference; lastKnownFileType = sourcecode.swift; path = ScrumStore.swift; sourceTree = "<group>"; };
		7596701B297C593800EA204C /* ErrorWrapper.swift */ = {isa = PBXFileReference; lastKnownFileType = sourcecode.swift; path = ErrorWrapper.swift; sourceTree = "<group>"; };
		7596701D297C59D900EA204C /* ErrorView.swift */ = {isa = PBXFileReference; lastKnownFileType = sourcecode.swift; path = ErrorView.swift; sourceTree = "<group>"; };
		759708E32974C3D400B6EF16 /* History.swift */ = {isa = PBXFileReference; lastKnownFileType = sourcecode.swift; path = History.swift; sourceTree = "<group>"; };
		75CA96B82957451E00FA0AE0 /* ScrumDingerVoiceApp.app */ = {isa = PBXFileReference; explicitFileType = wrapper.application; includeInIndex = 0; path = ScrumDingerVoiceApp.app; sourceTree = BUILT_PRODUCTS_DIR; };
		75CA96BB2957451E00FA0AE0 /* ScrumDingerVoiceAppApp.swift */ = {isa = PBXFileReference; lastKnownFileType = sourcecode.swift; path = ScrumDingerVoiceAppApp.swift; sourceTree = "<group>"; };
		75CA96BD2957451E00FA0AE0 /* MeetingView.swift */ = {isa = PBXFileReference; lastKnownFileType = sourcecode.swift; path = MeetingView.swift; sourceTree = "<group>"; };
		75CA96BF2957451F00FA0AE0 /* Assets.xcassets */ = {isa = PBXFileReference; lastKnownFileType = folder.assetcatalog; path = Assets.xcassets; sourceTree = "<group>"; };
		75CA96C22957451F00FA0AE0 /* Preview Assets.xcassets */ = {isa = PBXFileReference; lastKnownFileType = folder.assetcatalog; path = "Preview Assets.xcassets"; sourceTree = "<group>"; };
		75CA96CA2957612500FA0AE0 /* Theme.swift */ = {isa = PBXFileReference; lastKnownFileType = sourcecode.swift; path = Theme.swift; sourceTree = "<group>"; };
		75CA96CC2957BA4100FA0AE0 /* DailyScrum.swift */ = {isa = PBXFileReference; lastKnownFileType = sourcecode.swift; path = DailyScrum.swift; sourceTree = "<group>"; };
		75CA96CF2957BAF000FA0AE0 /* CardView.swift */ = {isa = PBXFileReference; lastKnownFileType = sourcecode.swift; path = CardView.swift; sourceTree = "<group>"; };
		75CA96D1295899BC00FA0AE0 /* TrailingIconLabelStyle.swift */ = {isa = PBXFileReference; lastKnownFileType = sourcecode.swift; path = TrailingIconLabelStyle.swift; sourceTree = "<group>"; };
		75CA96D329589FDF00FA0AE0 /* ScrumsView.swift */ = {isa = PBXFileReference; lastKnownFileType = sourcecode.swift; path = ScrumsView.swift; sourceTree = "<group>"; };
/* End PBXFileReference section */

/* Begin PBXFrameworksBuildPhase section */
		75CA96B52957451E00FA0AE0 /* Frameworks */ = {
			isa = PBXFrameworksBuildPhase;
			buildActionMask = 2147483647;
			files = (
			);
			runOnlyForDeploymentPostprocessing = 0;
		};
/* End PBXFrameworksBuildPhase section */

/* Begin PBXGroup section */
		753D651B2959FF2000C2DA3D /* Helpers */ = {
			isa = PBXGroup;
			children = (
				75CA96D1295899BC00FA0AE0 /* TrailingIconLabelStyle.swift */,
				7596701D297C59D900EA204C /* ErrorView.swift */,
			);
			path = Helpers;
			sourceTree = "<group>";
		};
		7560CE832961F75100E47FF1 /* ThemePicker */ = {
			isa = PBXGroup;
			children = (
				7560CE812961EDFB00E47FF1 /* ThemeView.swift */,
				7560CE842961F75F00E47FF1 /* ThemePicker.swift */,
			);
			path = ThemePicker;
			sourceTree = "<group>";
		};
		7560CE8A2962306800E47FF1 /* ViewModel */ = {
			isa = PBXGroup;
			children = (
				7560CE882962303E00E47FF1 /* ScrumTimer.swift */,
			);
			path = ViewModel;
			sourceTree = "<group>";
		};
		7560CE8B29626C6B00E47FF1 /* MeetingViews */ = {
			isa = PBXGroup;
			children = (
				75CA96BD2957451E00FA0AE0 /* MeetingView.swift */,
				7560CE8629621E7100E47FF1 /* MeetingHeaderView.swift */,
				7560CE8C29626E3C00E47FF1 /* MeetingFooterView.swift */,
			);
			path = MeetingViews;
			sourceTree = "<group>";
		};
		7560CE90296276B400E47FF1 /* Resources */ = {
			isa = PBXGroup;
			children = (
				7560CE91296276B400E47FF1 /* ding.wav */,
			);
			path = Resources;
			sourceTree = "<group>";
		};
		75CA96AF2957451E00FA0AE0 = {
			isa = PBXGroup;
			children = (
				751DC2A4295A8A3F0084A75A /* README.md */,
				75CA96BA2957451E00FA0AE0 /* ScrumDingerVoiceApp */,
				75CA96B92957451E00FA0AE0 /* Products */,
			);
			sourceTree = "<group>";
		};
		75CA96B92957451E00FA0AE0 /* Products */ = {
			isa = PBXGroup;
			children = (
				75CA96B82957451E00FA0AE0 /* ScrumDingerVoiceApp.app */,
			);
			name = Products;
			sourceTree = "<group>";
		};
		75CA96BA2957451E00FA0AE0 /* ScrumDingerVoiceApp */ = {
			isa = PBXGroup;
			children = (
				75CA96BB2957451E00FA0AE0 /* ScrumDingerVoiceAppApp.swift */,
				7560CE8A2962306800E47FF1 /* ViewModel */,
				75CA96C92957611800FA0AE0 /* Models */,
				75CA96CE2957BAD700FA0AE0 /* Views */,
				75CA96BF2957451F00FA0AE0 /* Assets.xcassets */,
				7560CE90296276B400E47FF1 /* Resources */,
				75CA96C12957451F00FA0AE0 /* Preview Content */,
			);
			path = ScrumDingerVoiceApp;
			sourceTree = "<group>";
		};
		75CA96C12957451F00FA0AE0 /* Preview Content */ = {
			isa = PBXGroup;
			children = (
				75CA96C22957451F00FA0AE0 /* Preview Assets.xcassets */,
			);
			path = "Preview Content";
			sourceTree = "<group>";
		};
		75CA96C92957611800FA0AE0 /* Models */ = {
			isa = PBXGroup;
			children = (
				7560CE8E2962767D00E47FF1 /* AVPlayer+Ding.swift */,
				7596701B297C593800EA204C /* ErrorWrapper.swift */,
				75CA96CA2957612500FA0AE0 /* Theme.swift */,
				75CA96CC2957BA4100FA0AE0 /* DailyScrum.swift */,
				759708E32974C3D400B6EF16 /* History.swift */,
				7580C9432975DC9200E82C73 /* ScrumStore.swift */,
			);
			path = Models;
			sourceTree = "<group>";
		};
		75CA96CE2957BAD700FA0AE0 /* Views */ = {
			isa = PBXGroup;
			children = (
				75CA96D329589FDF00FA0AE0 /* ScrumsView.swift */,
				75CA96CF2957BAF000FA0AE0 /* CardView.swift */,
				753D651C295A05DB00C2DA3D /* DetailView.swift */,
				751DC2A5295A8C730084A75A /* DetailEditView.swift */,
				7560CE8B29626C6B00E47FF1 /* MeetingViews */,
				7560CE832961F75100E47FF1 /* ThemePicker */,
				753D651B2959FF2000C2DA3D /* Helpers */,
			);
			path = Views;
			sourceTree = "<group>";
		};
/* End PBXGroup section */

/* Begin PBXNativeTarget section */
		75CA96B72957451E00FA0AE0 /* ScrumDingerVoiceApp */ = {
			isa = PBXNativeTarget;
			buildConfigurationList = 75CA96C62957451F00FA0AE0 /* Build configuration list for PBXNativeTarget "ScrumDingerVoiceApp" */;
			buildPhases = (
				75CA96B42957451E00FA0AE0 /* Sources */,
				75CA96B52957451E00FA0AE0 /* Frameworks */,
				75CA96B62957451E00FA0AE0 /* Resources */,
			);
			buildRules = (
			);
			dependencies = (
			);
			name = ScrumDingerVoiceApp;
			productName = ScrumDingerVoiceApp;
			productReference = 75CA96B82957451E00FA0AE0 /* ScrumDingerVoiceApp.app */;
			productType = "com.apple.product-type.application";
		};
/* End PBXNativeTarget section */

/* Begin PBXProject section */
		75CA96B02957451E00FA0AE0 /* Project object */ = {
			isa = PBXProject;
			attributes = {
				BuildIndependentTargetsInParallel = 1;
				LastSwiftUpdateCheck = 1400;
				LastUpgradeCheck = 1400;
				TargetAttributes = {
					75CA96B72957451E00FA0AE0 = {
						CreatedOnToolsVersion = 14.0.1;
					};
				};
			};
			buildConfigurationList = 75CA96B32957451E00FA0AE0 /* Build configuration list for PBXProject "ScrumDingerVoiceApp" */;
			compatibilityVersion = "Xcode 14.0";
			developmentRegion = en;
			hasScannedForEncodings = 0;
			knownRegions = (
				en,
				Base,
			);
			mainGroup = 75CA96AF2957451E00FA0AE0;
			productRefGroup = 75CA96B92957451E00FA0AE0 /* Products */;
			projectDirPath = "";
			projectRoot = "";
			targets = (
				75CA96B72957451E00FA0AE0 /* ScrumDingerVoiceApp */,
			);
		};
/* End PBXProject section */

/* Begin PBXResourcesBuildPhase section */
		75CA96B62957451E00FA0AE0 /* Resources */ = {
			isa = PBXResourcesBuildPhase;
			buildActionMask = 2147483647;
			files = (
				7560CE92296276B400E47FF1 /* ding.wav in Resources */,
				75CA96C32957451F00FA0AE0 /* Preview Assets.xcassets in Resources */,
				75CA96C02957451F00FA0AE0 /* Assets.xcassets in Resources */,
			);
			runOnlyForDeploymentPostprocessing = 0;
		};
/* End PBXResourcesBuildPhase section */

/* Begin PBXSourcesBuildPhase section */
		75CA96B42957451E00FA0AE0 /* Sources */ = {
			isa = PBXSourcesBuildPhase;
			buildActionMask = 2147483647;
			files = (
				7580C9442975DC9200E82C73 /* ScrumStore.swift in Sources */,
				7560CE852961F75F00E47FF1 /* ThemePicker.swift in Sources */,
				7596701E297C59D900EA204C /* ErrorView.swift in Sources */,
				75CA96CD2957BA4100FA0AE0 /* DailyScrum.swift in Sources */,
				753D651D295A05DB00C2DA3D /* DetailView.swift in Sources */,
				7560CE8D29626E3C00E47FF1 /* MeetingFooterView.swift in Sources */,
				7560CE8F2962767D00E47FF1 /* AVPlayer+Ding.swift in Sources */,
				7560CE8729621E7100E47FF1 /* MeetingHeaderView.swift in Sources */,
				751DC2A6295A8C730084A75A /* DetailEditView.swift in Sources */,
				75CA96D2295899BC00FA0AE0 /* TrailingIconLabelStyle.swift in Sources */,
				75CA96CB2957612500FA0AE0 /* Theme.swift in Sources */,
				75CA96D429589FDF00FA0AE0 /* ScrumsView.swift in Sources */,
				759708E42974C3D400B6EF16 /* History.swift in Sources */,
				7596701C297C593800EA204C /* ErrorWrapper.swift in Sources */,
				75CA96BE2957451E00FA0AE0 /* MeetingView.swift in Sources */,
				75CA96BC2957451E00FA0AE0 /* ScrumDingerVoiceAppApp.swift in Sources */,
				7560CE822961EDFB00E47FF1 /* ThemeView.swift in Sources */,
				75CA96D02957BAF000FA0AE0 /* CardView.swift in Sources */,
				7560CE892962303E00E47FF1 /* ScrumTimer.swift in Sources */,
			);
			runOnlyForDeploymentPostprocessing = 0;
		};
/* End PBXSourcesBuildPhase section */

/* Begin XCBuildConfiguration section */
		75CA96C42957451F00FA0AE0 /* Debug */ = {
			isa = XCBuildConfiguration;
			buildSettings = {
				ALWAYS_SEARCH_USER_PATHS = NO;
				CLANG_ANALYZER_NONNULL = YES;
				CLANG_ANALYZER_NUMBER_OBJECT_CONVERSION = YES_AGGRESSIVE;
				CLANG_CXX_LANGUAGE_STANDARD = "gnu++20";
				CLANG_ENABLE_MODULES = YES;
				CLANG_ENABLE_OBJC_ARC = YES;
				CLANG_ENABLE_OBJC_WEAK = YES;
				CLANG_WARN_BLOCK_CAPTURE_AUTORELEASING = YES;
				CLANG_WARN_BOOL_CONVERSION = YES;
				CLANG_WARN_COMMA = YES;
				CLANG_WARN_CONSTANT_CONVERSION = YES;
				CLANG_WARN_DEPRECATED_OBJC_IMPLEMENTATIONS = YES;
				CLANG_WARN_DIRECT_OBJC_ISA_USAGE = YES_ERROR;
				CLANG_WARN_DOCUMENTATION_COMMENTS = YES;
				CLANG_WARN_EMPTY_BODY = YES;
				CLANG_WARN_ENUM_CONVERSION = YES;
				CLANG_WARN_INFINITE_RECURSION = YES;
				CLANG_WARN_INT_CONVERSION = YES;
				CLANG_WARN_NON_LITERAL_NULL_CONVERSION = YES;
				CLANG_WARN_OBJC_IMPLICIT_RETAIN_SELF = YES;
				CLANG_WARN_OBJC_LITERAL_CONVERSION = YES;
				CLANG_WARN_OBJC_ROOT_CLASS = YES_ERROR;
				CLANG_WARN_QUOTED_INCLUDE_IN_FRAMEWORK_HEADER = YES;
				CLANG_WARN_RANGE_LOOP_ANALYSIS = YES;
				CLANG_WARN_STRICT_PROTOTYPES = YES;
				CLANG_WARN_SUSPICIOUS_MOVE = YES;
				CLANG_WARN_UNGUARDED_AVAILABILITY = YES_AGGRESSIVE;
				CLANG_WARN_UNREACHABLE_CODE = YES;
				CLANG_WARN__DUPLICATE_METHOD_MATCH = YES;
				COPY_PHASE_STRIP = NO;
				DEBUG_INFORMATION_FORMAT = dwarf;
				ENABLE_STRICT_OBJC_MSGSEND = YES;
				ENABLE_TESTABILITY = YES;
				GCC_C_LANGUAGE_STANDARD = gnu11;
				GCC_DYNAMIC_NO_PIC = NO;
				GCC_NO_COMMON_BLOCKS = YES;
				GCC_OPTIMIZATION_LEVEL = 0;
				GCC_PREPROCESSOR_DEFINITIONS = (
					"DEBUG=1",
					"$(inherited)",
				);
				GCC_WARN_64_TO_32_BIT_CONVERSION = YES;
				GCC_WARN_ABOUT_RETURN_TYPE = YES_ERROR;
				GCC_WARN_UNDECLARED_SELECTOR = YES;
				GCC_WARN_UNINITIALIZED_AUTOS = YES_AGGRESSIVE;
				GCC_WARN_UNUSED_FUNCTION = YES;
				GCC_WARN_UNUSED_VARIABLE = YES;
				IPHONEOS_DEPLOYMENT_TARGET = 16.0;
				MTL_ENABLE_DEBUG_INFO = INCLUDE_SOURCE;
				MTL_FAST_MATH = YES;
				ONLY_ACTIVE_ARCH = YES;
				SDKROOT = iphoneos;
				SWIFT_ACTIVE_COMPILATION_CONDITIONS = DEBUG;
				SWIFT_OPTIMIZATION_LEVEL = "-Onone";
			};
			name = Debug;
		};
		75CA96C52957451F00FA0AE0 /* Release */ = {
			isa = XCBuildConfiguration;
			buildSettings = {
				ALWAYS_SEARCH_USER_PATHS = NO;
				CLANG_ANALYZER_NONNULL = YES;
				CLANG_ANALYZER_NUMBER_OBJECT_CONVERSION = YES_AGGRESSIVE;
				CLANG_CXX_LANGUAGE_STANDARD = "gnu++20";
				CLANG_ENABLE_MODULES = YES;
				CLANG_ENABLE_OBJC_ARC = YES;
				CLANG_ENABLE_OBJC_WEAK = YES;
				CLANG_WARN_BLOCK_CAPTURE_AUTORELEASING = YES;
				CLANG_WARN_BOOL_CONVERSION = YES;
				CLANG_WARN_COMMA = YES;
				CLANG_WARN_CONSTANT_CONVERSION = YES;
				CLANG_WARN_DEPRECATED_OBJC_IMPLEMENTATIONS = YES;
				CLANG_WARN_DIRECT_OBJC_ISA_USAGE = YES_ERROR;
				CLANG_WARN_DOCUMENTATION_COMMENTS = YES;
				CLANG_WARN_EMPTY_BODY = YES;
				CLANG_WARN_ENUM_CONVERSION = YES;
				CLANG_WARN_INFINITE_RECURSION = YES;
				CLANG_WARN_INT_CONVERSION = YES;
				CLANG_WARN_NON_LITERAL_NULL_CONVERSION = YES;
				CLANG_WARN_OBJC_IMPLICIT_RETAIN_SELF = YES;
				CLANG_WARN_OBJC_LITERAL_CONVERSION = YES;
				CLANG_WARN_OBJC_ROOT_CLASS = YES_ERROR;
				CLANG_WARN_QUOTED_INCLUDE_IN_FRAMEWORK_HEADER = YES;
				CLANG_WARN_RANGE_LOOP_ANALYSIS = YES;
				CLANG_WARN_STRICT_PROTOTYPES = YES;
				CLANG_WARN_SUSPICIOUS_MOVE = YES;
				CLANG_WARN_UNGUARDED_AVAILABILITY = YES_AGGRESSIVE;
				CLANG_WARN_UNREACHABLE_CODE = YES;
				CLANG_WARN__DUPLICATE_METHOD_MATCH = YES;
				COPY_PHASE_STRIP = NO;
				DEBUG_INFORMATION_FORMAT = "dwarf-with-dsym";
				ENABLE_NS_ASSERTIONS = NO;
				ENABLE_STRICT_OBJC_MSGSEND = YES;
				GCC_C_LANGUAGE_STANDARD = gnu11;
				GCC_NO_COMMON_BLOCKS = YES;
				GCC_WARN_64_TO_32_BIT_CONVERSION = YES;
				GCC_WARN_ABOUT_RETURN_TYPE = YES_ERROR;
				GCC_WARN_UNDECLARED_SELECTOR = YES;
				GCC_WARN_UNINITIALIZED_AUTOS = YES_AGGRESSIVE;
				GCC_WARN_UNUSED_FUNCTION = YES;
				GCC_WARN_UNUSED_VARIABLE = YES;
				IPHONEOS_DEPLOYMENT_TARGET = 16.0;
				MTL_ENABLE_DEBUG_INFO = NO;
				MTL_FAST_MATH = YES;
				SDKROOT = iphoneos;
				SWIFT_COMPILATION_MODE = wholemodule;
				SWIFT_OPTIMIZATION_LEVEL = "-O";
				VALIDATE_PRODUCT = YES;
			};
			name = Release;
		};
		75CA96C72957451F00FA0AE0 /* Debug */ = {
			isa = XCBuildConfiguration;
			buildSettings = {
				ASSETCATALOG_COMPILER_APPICON_NAME = AppIcon;
				ASSETCATALOG_COMPILER_GLOBAL_ACCENT_COLOR_NAME = AccentColor;
				CODE_SIGN_STYLE = Automatic;
				CURRENT_PROJECT_VERSION = 1;
				DEVELOPMENT_ASSET_PATHS = "\"ScrumDingerVoiceApp/Preview Content\"";
				DEVELOPMENT_TEAM = 6DR6N9843T;
				ENABLE_PREVIEWS = YES;
				GENERATE_INFOPLIST_FILE = YES;
				INFOPLIST_KEY_UIApplicationSceneManifest_Generation = YES;
				INFOPLIST_KEY_UIApplicationSupportsIndirectInputEvents = YES;
				INFOPLIST_KEY_UILaunchScreen_Generation = YES;
				INFOPLIST_KEY_UISupportedInterfaceOrientations_iPad = "UIInterfaceOrientationPortrait UIInterfaceOrientationPortraitUpsideDown UIInterfaceOrientationLandscapeLeft UIInterfaceOrientationLandscapeRight";
				INFOPLIST_KEY_UISupportedInterfaceOrientations_iPhone = "UIInterfaceOrientationPortrait UIInterfaceOrientationLandscapeLeft UIInterfaceOrientationLandscapeRight";
				LD_RUNPATH_SEARCH_PATHS = (
					"$(inherited)",
					"@executable_path/Frameworks",
				);
				MARKETING_VERSION = 1.0;
				PRODUCT_BUNDLE_IDENTIFIER = agholson.ScrumDingerVoiceApp;
				PRODUCT_NAME = "$(TARGET_NAME)";
				SWIFT_EMIT_LOC_STRINGS = YES;
				SWIFT_VERSION = 5.0;
				TARGETED_DEVICE_FAMILY = "1,2";
			};
			name = Debug;
		};
		75CA96C82957451F00FA0AE0 /* Release */ = {
			isa = XCBuildConfiguration;
			buildSettings = {
				ASSETCATALOG_COMPILER_APPICON_NAME = AppIcon;
				ASSETCATALOG_COMPILER_GLOBAL_ACCENT_COLOR_NAME = AccentColor;
				CODE_SIGN_STYLE = Automatic;
				CURRENT_PROJECT_VERSION = 1;
				DEVELOPMENT_ASSET_PATHS = "\"ScrumDingerVoiceApp/Preview Content\"";
				DEVELOPMENT_TEAM = 6DR6N9843T;
				ENABLE_PREVIEWS = YES;
				GENERATE_INFOPLIST_FILE = YES;
				INFOPLIST_KEY_UIApplicationSceneManifest_Generation = YES;
				INFOPLIST_KEY_UIApplicationSupportsIndirectInputEvents = YES;
				INFOPLIST_KEY_UILaunchScreen_Generation = YES;
				INFOPLIST_KEY_UISupportedInterfaceOrientations_iPad = "UIInterfaceOrientationPortrait UIInterfaceOrientationPortraitUpsideDown UIInterfaceOrientationLandscapeLeft UIInterfaceOrientationLandscapeRight";
				INFOPLIST_KEY_UISupportedInterfaceOrientations_iPhone = "UIInterfaceOrientationPortrait UIInterfaceOrientationLandscapeLeft UIInterfaceOrientationLandscapeRight";
				LD_RUNPATH_SEARCH_PATHS = (
					"$(inherited)",
					"@executable_path/Frameworks",
				);
				MARKETING_VERSION = 1.0;
				PRODUCT_BUNDLE_IDENTIFIER = agholson.ScrumDingerVoiceApp;
				PRODUCT_NAME = "$(TARGET_NAME)";
				SWIFT_EMIT_LOC_STRINGS = YES;
				SWIFT_VERSION = 5.0;
				TARGETED_DEVICE_FAMILY = "1,2";
			};
			name = Release;
		};
/* End XCBuildConfiguration section */

/* Begin XCConfigurationList section */
		75CA96B32957451E00FA0AE0 /* Build configuration list for PBXProject "ScrumDingerVoiceApp" */ = {
			isa = XCConfigurationList;
			buildConfigurations = (
				75CA96C42957451F00FA0AE0 /* Debug */,
				75CA96C52957451F00FA0AE0 /* Release */,
			);
			defaultConfigurationIsVisible = 0;
			defaultConfigurationName = Release;
		};
		75CA96C62957451F00FA0AE0 /* Build configuration list for PBXNativeTarget "ScrumDingerVoiceApp" */ = {
			isa = XCConfigurationList;
			buildConfigurations = (
				75CA96C72957451F00FA0AE0 /* Debug */,
				75CA96C82957451F00FA0AE0 /* Release */,
			);
			defaultConfigurationIsVisible = 0;
			defaultConfigurationName = Release;
		};
/* End XCConfigurationList section */
	};
	rootObject = 75CA96B02957451E00FA0AE0 /* Project object */;
}
